
Microsoft Visual Studio Solution File, Format Version 12.00
# Visual Studio Version 17
VisualStudioVersion = 17.4.33213.308
MinimumVisualStudioVersion = 10.0.40219.1
Project("{FAE04EC0-301F-11D3-BF4B-00C04F79EFBC}") = "Logging", "Logging\Logging.csproj", "{B0E51430-7600-4BB3-805B-443F54ABAA93}"
EndProject
Project("{FAE04EC0-301F-11D3-BF4B-00C04F79EFBC}") = "LoggingTesting", "LoggingTesting\LoggingTesting.csproj", "{55047AF6-FCA8-48DE-88E3-CC305D2E7A14}"
EndProject
Global
	GlobalSection(SolutionConfigurationPlatforms) = preSolution
		Debug|Any CPU = Debug|Any CPU
		Release|Any CPU = Release|Any CPU
	EndGlobalSection
	GlobalSection(ProjectConfigurationPlatforms) = postSolution
		{B0E51430-7600-4BB3-805B-443F54ABAA93}.Debug|Any CPU.ActiveCfg = Debug|Any CPU
		{B0E51430-7600-4BB3-805B-443F54ABAA93}.Debug|Any CPU.Build.0 = Debug|Any CPU
		{B0E51430-7600-4BB3-805B-443F54ABAA93}.Release|Any CPU.ActiveCfg = Release|Any CPU
		{B0E51430-7600-4BB3-805B-443F54ABAA93}.Release|Any CPU.Build.0 = Release|Any CPU
		{55047AF6-FCA8-48DE-88E3-CC305D2E7A14}.Debug|Any CPU.ActiveCfg = Debug|Any CPU
		{55047AF6-FCA8-48DE-88E3-CC305D2E7A14}.Debug|Any CPU.Build.0 = Debug|Any CPU
		{55047AF6-FCA8-48DE-88E3-CC305D2E7A14}.Release|Any CPU.ActiveCfg = Release|Any CPU
		{55047AF6-FCA8-48DE-88E3-CC305D2E7A14}.Release|Any CPU.Build.0 = Release|Any CPU
	EndGlobalSection
	GlobalSection(SolutionProperties) = preSolution
		HideSolutionNode = FALSE
	EndGlobalSection
	GlobalSection(ExtensibilityGlobals) = postSolution
		SolutionGuid = {ED91F096-A6E5-40F7-85BD-4F03D0AAC25A}
	EndGlobalSection
EndGlobal
